
Microsoft Visual Studio Solution File, Format Version 12.00
# Visual Studio Version 17
VisualStudioVersion = 17.3.32819.101
MinimumVisualStudioVersion = 10.0.40219.1
Project("{FAE04EC0-301F-11D3-BF4B-00C04F79EFBC}") = "WebApiCore", "WebApiCore.csproj", "{87F27902-772C-4882-A75E-7526045C5A79}"
EndProject
Global
	GlobalSection(SolutionConfigurationPlatforms) = preSolution
		Debug|Any CPU = Debug|Any CPU
		Release|Any CPU = Release|Any CPU
	EndGlobalSection
	GlobalSection(ProjectConfigurationPlatforms) = postSolution
		{87F27902-772C-4882-A75E-7526045C5A79}.Debug|Any CPU.ActiveCfg = Debug|Any CPU
		{87F27902-772C-4882-A75E-7526045C5A79}.Debug|Any CPU.Build.0 = Debug|Any CPU
		{87F27902-772C-4882-A75E-7526045C5A79}.Release|Any CPU.ActiveCfg = Release|Any CPU
		{87F27902-772C-4882-A75E-7526045C5A79}.Release|Any CPU.Build.0 = Release|Any CPU
	EndGlobalSection
	GlobalSection(SolutionProperties) = preSolution
		HideSolutionNode = FALSE
	EndGlobalSection
	GlobalSection(ExtensibilityGlobals) = postSolution
		SolutionGuid = {F1397C2A-027D-4DB1-BC65-11FE5D7B7621}
	EndGlobalSection
EndGlobal
